
Microsoft Visual Studio Solution File, Format Version 12.00
# Visual Studio Version 17
VisualStudioVersion = 17.7.34202.233
MinimumVisualStudioVersion = 10.0.40219.1
Project("{FAE04EC0-301F-11D3-BF4B-00C04F79EFBC}") = "Arvore_Binaria", "Arvore_Binaria\Arvore_Binaria.csproj", "{879FD109-BE06-484A-A5D8-2B3FE7C8DB4B}"
EndProject
Global
	GlobalSection(SolutionConfigurationPlatforms) = preSolution
		Debug|Any CPU = Debug|Any CPU
		Release|Any CPU = Release|Any CPU
	EndGlobalSection
	GlobalSection(ProjectConfigurationPlatforms) = postSolution
		{879FD109-BE06-484A-A5D8-2B3FE7C8DB4B}.Debug|Any CPU.ActiveCfg = Debug|Any CPU
		{879FD109-BE06-484A-A5D8-2B3FE7C8DB4B}.Debug|Any CPU.Build.0 = Debug|Any CPU
		{879FD109-BE06-484A-A5D8-2B3FE7C8DB4B}.Release|Any CPU.ActiveCfg = Release|Any CPU
		{879FD109-BE06-484A-A5D8-2B3FE7C8DB4B}.Release|Any CPU.Build.0 = Release|Any CPU
	EndGlobalSection
	GlobalSection(SolutionProperties) = preSolution
		HideSolutionNode = FALSE
	EndGlobalSection
	GlobalSection(ExtensibilityGlobals) = postSolution
		SolutionGuid = {DE114B77-85A0-4A2F-92EF-AE2C3ECB1C7C}
	EndGlobalSection
EndGlobal
